
Microsoft Visual Studio Solution File, Format Version 12.00
# Visual Studio Version 17
VisualStudioVersion = 17.4.33205.214
MinimumVisualStudioVersion = 10.0.40219.1
Project("{9A19103F-16F7-4668-BE54-9A1E7A4F7556}") = "DispatchR", "Dispatchr\DispatchR.csproj", "{BC69B7BE-3517-46C0-8D73-5C275F71895B}"
EndProject
Project("{FAE04EC0-301F-11D3-BF4B-00C04F79EFBC}") = "DispatchR.Test", "Dispatchr.Test\DispatchR.Test.csproj", "{CDF2EEF3-E2E1-4AFC-B3FE-C0C60D46E2C1}"
EndProject
Global
	GlobalSection(SolutionConfigurationPlatforms) = preSolution
		Debug|Any CPU = Debug|Any CPU
		Release|Any CPU = Release|Any CPU
	EndGlobalSection
	GlobalSection(ProjectConfigurationPlatforms) = postSolution
		{BC69B7BE-3517-46C0-8D73-5C275F71895B}.Debug|Any CPU.ActiveCfg = Debug|Any CPU
		{BC69B7BE-3517-46C0-8D73-5C275F71895B}.Debug|Any CPU.Build.0 = Debug|Any CPU
		{BC69B7BE-3517-46C0-8D73-5C275F71895B}.Release|Any CPU.ActiveCfg = Release|Any CPU
		{BC69B7BE-3517-46C0-8D73-5C275F71895B}.Release|Any CPU.Build.0 = Release|Any CPU
		{CDF2EEF3-E2E1-4AFC-B3FE-C0C60D46E2C1}.Debug|Any CPU.ActiveCfg = Debug|Any CPU
		{CDF2EEF3-E2E1-4AFC-B3FE-C0C60D46E2C1}.Debug|Any CPU.Build.0 = Debug|Any CPU
		{CDF2EEF3-E2E1-4AFC-B3FE-C0C60D46E2C1}.Release|Any CPU.ActiveCfg = Release|Any CPU
		{CDF2EEF3-E2E1-4AFC-B3FE-C0C60D46E2C1}.Release|Any CPU.Build.0 = Release|Any CPU
	EndGlobalSection
	GlobalSection(SolutionProperties) = preSolution
		HideSolutionNode = FALSE
	EndGlobalSection
	GlobalSection(ExtensibilityGlobals) = postSolution
		SolutionGuid = {5FD3AE5C-97BA-4968-96C4-E91093B64EA5}
	EndGlobalSection
EndGlobal
